
Microsoft Visual Studio Solution File, Format Version 12.00
# Visual Studio Version 16
VisualStudioVersion = 16.0.31729.503
MinimumVisualStudioVersion = 10.0.40219.1
Project("{FAE04EC0-301F-11D3-BF4B-00C04F79EFBC}") = "Address_Book_Day9", "Address_book\Address_Book_Day9.csproj", "{77447FEB-A5FE-488D-8F92-6BCDFF0855DD}"
EndProject
Global
	GlobalSection(SolutionConfigurationPlatforms) = preSolution
		Debug|Any CPU = Debug|Any CPU
		Release|Any CPU = Release|Any CPU
	EndGlobalSection
	GlobalSection(ProjectConfigurationPlatforms) = postSolution
		{77447FEB-A5FE-488D-8F92-6BCDFF0855DD}.Debug|Any CPU.ActiveCfg = Debug|Any CPU
		{77447FEB-A5FE-488D-8F92-6BCDFF0855DD}.Debug|Any CPU.Build.0 = Debug|Any CPU
		{77447FEB-A5FE-488D-8F92-6BCDFF0855DD}.Release|Any CPU.ActiveCfg = Release|Any CPU
		{77447FEB-A5FE-488D-8F92-6BCDFF0855DD}.Release|Any CPU.Build.0 = Release|Any CPU
	EndGlobalSection
	GlobalSection(SolutionProperties) = preSolution
		HideSolutionNode = FALSE
	EndGlobalSection
	GlobalSection(ExtensibilityGlobals) = postSolution
		SolutionGuid = {8201BB2C-A40D-4BA4-9B1B-8E18F1D67F5B}
	EndGlobalSection
EndGlobal
